
Microsoft Visual Studio Solution File, Format Version 12.00
# Visual Studio 2012
Project("{FAE04EC0-301F-11D3-BF4B-00C04F79EFBC}") = "FacebookFriends", "FacebookFriends\FacebookFriends.csproj", "{8402C391-CB21-4928-8132-AB2D2ABD36DD}"
EndProject
Global
	GlobalSection(SolutionConfigurationPlatforms) = preSolution
		Debug|Any CPU = Debug|Any CPU
		Release|Any CPU = Release|Any CPU
	EndGlobalSection
	GlobalSection(ProjectConfigurationPlatforms) = postSolution
		{8402C391-CB21-4928-8132-AB2D2ABD36DD}.Debug|Any CPU.ActiveCfg = Debug|Any CPU
		{8402C391-CB21-4928-8132-AB2D2ABD36DD}.Debug|Any CPU.Build.0 = Debug|Any CPU
		{8402C391-CB21-4928-8132-AB2D2ABD36DD}.Release|Any CPU.ActiveCfg = Release|Any CPU
		{8402C391-CB21-4928-8132-AB2D2ABD36DD}.Release|Any CPU.Build.0 = Release|Any CPU
	EndGlobalSection
	GlobalSection(SolutionProperties) = preSolution
		HideSolutionNode = FALSE
	EndGlobalSection
EndGlobal
